
Microsoft Visual Studio Solution File, Format Version 12.00
# Visual Studio Version 16
VisualStudioVersion = 16.0.31129.286
MinimumVisualStudioVersion = 10.0.40219.1
Project("{FAE04EC0-301F-11D3-BF4B-00C04F79EFBC}") = "Hackaton", "Hackaton\Hackaton.csproj", "{4C980C9E-97E4-436B-A04D-86AA1144AAD6}"
EndProject
Global
	GlobalSection(SolutionConfigurationPlatforms) = preSolution
		Debug|Any CPU = Debug|Any CPU
		Release|Any CPU = Release|Any CPU
	EndGlobalSection
	GlobalSection(ProjectConfigurationPlatforms) = postSolution
		{4C980C9E-97E4-436B-A04D-86AA1144AAD6}.Debug|Any CPU.ActiveCfg = Debug|Any CPU
		{4C980C9E-97E4-436B-A04D-86AA1144AAD6}.Debug|Any CPU.Build.0 = Debug|Any CPU
		{4C980C9E-97E4-436B-A04D-86AA1144AAD6}.Release|Any CPU.ActiveCfg = Release|Any CPU
		{4C980C9E-97E4-436B-A04D-86AA1144AAD6}.Release|Any CPU.Build.0 = Release|Any CPU
	EndGlobalSection
	GlobalSection(SolutionProperties) = preSolution
		HideSolutionNode = FALSE
	EndGlobalSection
	GlobalSection(ExtensibilityGlobals) = postSolution
		SolutionGuid = {D40DD131-BB7A-4EB6-B20B-EFB90CB77DFE}
	EndGlobalSection
EndGlobal
